{
  "nodes": {
    "monstar-src": {
      "flake": false,
      "locked": {
        "lastModified": 1791469109,
        "narHash": "sha256-o4yk+OCmL7NKhbBzY5l9h5jAcYWTLUgjJBBB9m4dKYc=",
        "owner": "rockorager",
        "repo": "monstar",
        "rev": "fd1273d93ada46675fab555680f9a772b3442a03",
        "type": "github"
      },
      "original": {
        "owner": "rockorager",
        "repo": "monstar",
        "type": "github"
      }
    },
    "nixpkgs": {
      "locked": {
        "lastModified": 1784796856,
        "narHash": "sha256-wWFrV5/Qbm+lyt5x20E/bSbfJiGKMo4RCxZV8cl/WZI=",
        "owner": "NixOS",
        "repo": "nixpkgs",
        "rev": "e2587caef70cea85dd97d7daab492899902dbf5d",
        "type": "github"
      },
      "original": {
        "owner": "NixOS",
        "ref": "nixos-unstable",
        "repo": "nixpkgs",
        "type": "github"
      }
    },
    "root": {
      "inputs": {
        "monstar-src": "monstar-src",
        "nixpkgs": "nixpkgs"
      }
    }
  },
  "root": "root",
  "version": 7
}
