{
  "nodes": {
    "monstar-src": {
      "flake": false,
      "locked": {
        "lastModified": 1787346815,
        "narHash": "sha256-mDg+zfzr9kEiCblk/IR07ip68XqTB6YiG2OI8AgyzJw=",
        "owner": "rockorager",
        "repo": "monstar",
        "rev": "71e4babde8e47e0739abd610f2afe202c8e99c00",
        "type": "github"
      },
      "original": {
        "owner": "rockorager",
        "repo": "monstar",
        "type": "github"
      }
    },
    "nixpkgs": {
      "locked": {
        "lastModified": 1784796856,
        "narHash": "sha256-wWFrV5/Qbm+lyt5x20E/bSbfJiGKMo4RCxZV8cl/WZI=",
        "owner": "NixOS",
        "repo": "nixpkgs",
        "rev": "e2587caef70cea85dd97d7daab492899902dbf5d",
        "type": "github"
      },
      "original": {
        "owner": "NixOS",
        "ref": "nixos-unstable",
        "repo": "nixpkgs",
        "type": "github"
      }
    },
    "root": {
      "inputs": {
        "monstar-src": "monstar-src",
        "nixpkgs": "nixpkgs"
      }
    }
  },
  "root": "root",
  "version": 7
}
