{
  "nodes": {
    "monstar-src": {
      "flake": false,
      "locked": {
        "lastModified": 1791554518,
        "narHash": "sha256-UdKZh8ow7U9hfyzXPL7quXPj3kxcE2Ezu28PJmu2s4c=",
        "owner": "rockorager",
        "repo": "monstar",
        "rev": "e54a73998fc2cf1618e0bfe2416d72d2c91765ce",
        "type": "github"
      },
      "original": {
        "owner": "rockorager",
        "repo": "monstar",
        "type": "github"
      }
    },
    "nixpkgs": {
      "locked": {
        "lastModified": 1784796856,
        "narHash": "sha256-wWFrV5/Qbm+lyt5x20E/bSbfJiGKMo4RCxZV8cl/WZI=",
        "owner": "NixOS",
        "repo": "nixpkgs",
        "rev": "e2587caef70cea85dd97d7daab492899902dbf5d",
        "type": "github"
      },
      "original": {
        "owner": "NixOS",
        "ref": "nixos-unstable",
        "repo": "nixpkgs",
        "type": "github"
      }
    },
    "root": {
      "inputs": {
        "monstar-src": "monstar-src",
        "nixpkgs": "nixpkgs"
      }
    }
  },
  "root": "root",
  "version": 7
}
